{
  "pins" : [
    {
      "identity" : "circularprogressswiftui",
      "kind" : "remoteSourceControl",
      "location" : "https://github.com/ArnavMotwani/CircularProgressSwiftUI.git",
      "state" : {
        "branch" : "main",
        "revision" : "017efe091152bad991a3a4c935a444facb0ed3d3"
      }
    }
  ],
  "version" : 2
}
