// !$*UTF8*$!
{
	archiveVersion = 1;
	classes = {
	};
	objectVersion = 56;
	objects = {

/* Begin PBXBuildFile section */
		07CA9FEF29A6C1330008D07C /* AppDelegate.swift in Sources */ = {isa = PBXBuildFile; fileRef = 07CA9FEE29A6C1330008D07C /* AppDelegate.swift */; };
		07CA9FF129A6C1330008D07C /* SceneDelegate.swift in Sources */ = {isa = PBXBuildFile; fileRef = 07CA9FF029A6C1330008D07C /* SceneDelegate.swift */; };
		07CA9FF329A6C1330008D07C /* ViewController.swift in Sources */ = {isa = PBXBuildFile; fileRef = 07CA9FF229A6C1330008D07C /* ViewController.swift */; };
		07CA9FF629A6C1330008D07C /* Main.storyboard in Resources */ = {isa = PBXBuildFile; fileRef = 07CA9FF429A6C1330008D07C /* Main.storyboard */; };
		07CA9FF829A6C1350008D07C /* Assets.xcassets in Resources */ = {isa = PBXBuildFile; fileRef = 07CA9FF729A6C1350008D07C /* Assets.xcassets */; };
		07CA9FFB29A6C1350008D07C /* LaunchScreen.storyboard in Resources */ = {isa = PBXBuildFile; fileRef = 07CA9FF929A6C1350008D07C /* LaunchScreen.storyboard */; };
		877ECA3E29AE5A0000DEE93C /* SpriteKitViewController.swift in Sources */ = {isa = PBXBuildFile; fileRef = 877ECA3D29AE5A0000DEE93C /* SpriteKitViewController.swift */; };
		877ECA4029AE5A1D00DEE93C /* TableViewController.swift in Sources */ = {isa = PBXBuildFile; fileRef = 877ECA3F29AE5A1D00DEE93C /* TableViewController.swift */; };
		877ECA4229AE60BA00DEE93C /* Playground.sks in Resources */ = {isa = PBXBuildFile; fileRef = 877ECA4129AE60BA00DEE93C /* Playground.sks */; };
		877ECA4429AE646D00DEE93C /* HabitView.storyboard in Resources */ = {isa = PBXBuildFile; fileRef = 877ECA4329AE646D00DEE93C /* HabitView.storyboard */; };
		877ECA4629AE647E00DEE93C /* HabitViewController.swift in Sources */ = {isa = PBXBuildFile; fileRef = 877ECA4529AE647E00DEE93C /* HabitViewController.swift */; };
		877ECA4829AE70A100DEE93C /* AnimalSprite.swift in Sources */ = {isa = PBXBuildFile; fileRef = 877ECA4729AE70A100DEE93C /* AnimalSprite.swift */; };
		877ECA4A29AE740F00DEE93C /* AnimalStatus.storyboard in Resources */ = {isa = PBXBuildFile; fileRef = 877ECA4929AE740F00DEE93C /* AnimalStatus.storyboard */; };
		877ECA4C29AE741E00DEE93C /* AnimalStatusViewController.swift in Sources */ = {isa = PBXBuildFile; fileRef = 877ECA4B29AE741E00DEE93C /* AnimalStatusViewController.swift */; };
/* End PBXBuildFile section */

/* Begin PBXFileReference section */
		07CA9FEB29A6C1330008D07C /* Habitochi.app */ = {isa = PBXFileReference; explicitFileType = wrapper.application; includeInIndex = 0; path = Habitochi.app; sourceTree = BUILT_PRODUCTS_DIR; };
		07CA9FEE29A6C1330008D07C /* AppDelegate.swift */ = {isa = PBXFileReference; lastKnownFileType = sourcecode.swift; path = AppDelegate.swift; sourceTree = "<group>"; };
		07CA9FF029A6C1330008D07C /* SceneDelegate.swift */ = {isa = PBXFileReference; lastKnownFileType = sourcecode.swift; path = SceneDelegate.swift; sourceTree = "<group>"; };
		07CA9FF229A6C1330008D07C /* ViewController.swift */ = {isa = PBXFileReference; lastKnownFileType = sourcecode.swift; path = ViewController.swift; sourceTree = "<group>"; };
		07CA9FF529A6C1330008D07C /* Base */ = {isa = PBXFileReference; lastKnownFileType = file.storyboard; name = Base; path = Base.lproj/Main.storyboard; sourceTree = "<group>"; };
		07CA9FF729A6C1350008D07C /* Assets.xcassets */ = {isa = PBXFileReference; lastKnownFileType = folder.assetcatalog; path = Assets.xcassets; sourceTree = "<group>"; };
		07CA9FFA29A6C1350008D07C /* Base */ = {isa = PBXFileReference; lastKnownFileType = file.storyboard; name = Base; path = Base.lproj/LaunchScreen.storyboard; sourceTree = "<group>"; };
		07CA9FFC29A6C1350008D07C /* Info.plist */ = {isa = PBXFileReference; lastKnownFileType = text.plist.xml; path = Info.plist; sourceTree = "<group>"; };
		877ECA3D29AE5A0000DEE93C /* SpriteKitViewController.swift */ = {isa = PBXFileReference; lastKnownFileType = sourcecode.swift; path = SpriteKitViewController.swift; sourceTree = "<group>"; };
		877ECA3F29AE5A1D00DEE93C /* TableViewController.swift */ = {isa = PBXFileReference; lastKnownFileType = sourcecode.swift; path = TableViewController.swift; sourceTree = "<group>"; };
		877ECA4129AE60BA00DEE93C /* Playground.sks */ = {isa = PBXFileReference; lastKnownFileType = file.sks; path = Playground.sks; sourceTree = "<group>"; };
		877ECA4329AE646D00DEE93C /* HabitView.storyboard */ = {isa = PBXFileReference; lastKnownFileType = file.storyboard; path = HabitView.storyboard; sourceTree = "<group>"; };
		877ECA4529AE647E00DEE93C /* HabitViewController.swift */ = {isa = PBXFileReference; lastKnownFileType = sourcecode.swift; path = HabitViewController.swift; sourceTree = "<group>"; };
		877ECA4729AE70A100DEE93C /* AnimalSprite.swift */ = {isa = PBXFileReference; lastKnownFileType = sourcecode.swift; path = AnimalSprite.swift; sourceTree = "<group>"; };
		877ECA4929AE740F00DEE93C /* AnimalStatus.storyboard */ = {isa = PBXFileReference; lastKnownFileType = file.storyboard; path = AnimalStatus.storyboard; sourceTree = "<group>"; };
		877ECA4B29AE741E00DEE93C /* AnimalStatusViewController.swift */ = {isa = PBXFileReference; lastKnownFileType = sourcecode.swift; path = AnimalStatusViewController.swift; sourceTree = "<group>"; };
/* End PBXFileReference section */

/* Begin PBXFrameworksBuildPhase section */
		07CA9FE829A6C1330008D07C /* Frameworks */ = {
			isa = PBXFrameworksBuildPhase;
			buildActionMask = 2147483647;
			files = (
			);
			runOnlyForDeploymentPostprocessing = 0;
		};
/* End PBXFrameworksBuildPhase section */

/* Begin PBXGroup section */
		07CA9FE229A6C1330008D07C = {
			isa = PBXGroup;
			children = (
				07CA9FED29A6C1330008D07C /* Habitochi */,
				07CA9FEC29A6C1330008D07C /* Products */,
			);
			sourceTree = "<group>";
		};
		07CA9FEC29A6C1330008D07C /* Products */ = {
			isa = PBXGroup;
			children = (
				07CA9FEB29A6C1330008D07C /* Habitochi.app */,
			);
			name = Products;
			sourceTree = "<group>";
		};
		07CA9FED29A6C1330008D07C /* Habitochi */ = {
			isa = PBXGroup;
			children = (
				07CA9FEE29A6C1330008D07C /* AppDelegate.swift */,
				07CA9FF029A6C1330008D07C /* SceneDelegate.swift */,
				07CA9FF229A6C1330008D07C /* ViewController.swift */,
				877ECA3D29AE5A0000DEE93C /* SpriteKitViewController.swift */,
				877ECA4729AE70A100DEE93C /* AnimalSprite.swift */,
				877ECA4929AE740F00DEE93C /* AnimalStatus.storyboard */,
				877ECA4B29AE741E00DEE93C /* AnimalStatusViewController.swift */,
				877ECA4129AE60BA00DEE93C /* Playground.sks */,
				877ECA3F29AE5A1D00DEE93C /* TableViewController.swift */,
				07CA9FF429A6C1330008D07C /* Main.storyboard */,
				877ECA4329AE646D00DEE93C /* HabitView.storyboard */,
				877ECA4529AE647E00DEE93C /* HabitViewController.swift */,
				07CA9FF729A6C1350008D07C /* Assets.xcassets */,
				07CA9FF929A6C1350008D07C /* LaunchScreen.storyboard */,
				07CA9FFC29A6C1350008D07C /* Info.plist */,
			);
			path = Habitochi;
			sourceTree = "<group>";
		};
/* End PBXGroup section */

/* Begin PBXNativeTarget section */
		07CA9FEA29A6C1330008D07C /* Habitochi */ = {
			isa = PBXNativeTarget;
			buildConfigurationList = 07CA9FFF29A6C1350008D07C /* Build configuration list for PBXNativeTarget "Habitochi" */;
			buildPhases = (
				07CA9FE729A6C1330008D07C /* Sources */,
				07CA9FE829A6C1330008D07C /* Frameworks */,
				07CA9FE929A6C1330008D07C /* Resources */,
			);
			buildRules = (
			);
			dependencies = (
			);
			name = Habitochi;
			productName = Habitochi;
			productReference = 07CA9FEB29A6C1330008D07C /* Habitochi.app */;
			productType = "com.apple.product-type.application";
		};
/* End PBXNativeTarget section */

/* Begin PBXProject section */
		07CA9FE329A6C1330008D07C /* Project object */ = {
			isa = PBXProject;
			attributes = {
				BuildIndependentTargetsInParallel = 1;
				LastSwiftUpdateCheck = 1410;
				LastUpgradeCheck = 1410;
				TargetAttributes = {
					07CA9FEA29A6C1330008D07C = {
						CreatedOnToolsVersion = 14.1;
					};
				};
			};
			buildConfigurationList = 07CA9FE629A6C1330008D07C /* Build configuration list for PBXProject "Habitochi" */;
			compatibilityVersion = "Xcode 14.0";
			developmentRegion = en;
			hasScannedForEncodings = 0;
			knownRegions = (
				en,
				Base,
			);
			mainGroup = 07CA9FE229A6C1330008D07C;
			productRefGroup = 07CA9FEC29A6C1330008D07C /* Products */;
			projectDirPath = "";
			projectRoot = "";
			targets = (
				07CA9FEA29A6C1330008D07C /* Habitochi */,
			);
		};
/* End PBXProject section */

/* Begin PBXResourcesBuildPhase section */
		07CA9FE929A6C1330008D07C /* Resources */ = {
			isa = PBXResourcesBuildPhase;
			buildActionMask = 2147483647;
			files = (
				07CA9FFB29A6C1350008D07C /* LaunchScreen.storyboard in Resources */,
				877ECA4229AE60BA00DEE93C /* Playground.sks in Resources */,
				877ECA4429AE646D00DEE93C /* HabitView.storyboard in Resources */,
				07CA9FF829A6C1350008D07C /* Assets.xcassets in Resources */,
				877ECA4A29AE740F00DEE93C /* AnimalStatus.storyboard in Resources */,
				07CA9FF629A6C1330008D07C /* Main.storyboard in Resources */,
			);
			runOnlyForDeploymentPostprocessing = 0;
		};
/* End PBXResourcesBuildPhase section */

/* Begin PBXSourcesBuildPhase section */
		07CA9FE729A6C1330008D07C /* Sources */ = {
			isa = PBXSourcesBuildPhase;
			buildActionMask = 2147483647;
			files = (
				877ECA4C29AE741E00DEE93C /* AnimalStatusViewController.swift in Sources */,
				07CA9FF329A6C1330008D07C /* ViewController.swift in Sources */,
				877ECA4629AE647E00DEE93C /* HabitViewController.swift in Sources */,
				07CA9FEF29A6C1330008D07C /* AppDelegate.swift in Sources */,
				877ECA4829AE70A100DEE93C /* AnimalSprite.swift in Sources */,
				877ECA3E29AE5A0000DEE93C /* SpriteKitViewController.swift in Sources */,
				877ECA4029AE5A1D00DEE93C /* TableViewController.swift in Sources */,
				07CA9FF129A6C1330008D07C /* SceneDelegate.swift in Sources */,
			);
			runOnlyForDeploymentPostprocessing = 0;
		};
/* End PBXSourcesBuildPhase section */

/* Begin PBXVariantGroup section */
		07CA9FF429A6C1330008D07C /* Main.storyboard */ = {
			isa = PBXVariantGroup;
			children = (
				07CA9FF529A6C1330008D07C /* Base */,
			);
			name = Main.storyboard;
			sourceTree = "<group>";
		};
		07CA9FF929A6C1350008D07C /* LaunchScreen.storyboard */ = {
			isa = PBXVariantGroup;
			children = (
				07CA9FFA29A6C1350008D07C /* Base */,
			);
			name = LaunchScreen.storyboard;
			sourceTree = "<group>";
		};
/* End PBXVariantGroup section */

/* Begin XCBuildConfiguration section */
		07CA9FFD29A6C1350008D07C /* Debug */ = {
			isa = XCBuildConfiguration;
			buildSettings = {
				ALWAYS_SEARCH_USER_PATHS = NO;
				CLANG_ANALYZER_NONNULL = YES;
				CLANG_ANALYZER_NUMBER_OBJECT_CONVERSION = YES_AGGRESSIVE;
				CLANG_CXX_LANGUAGE_STANDARD = "gnu++20";
				CLANG_ENABLE_MODULES = YES;
				CLANG_ENABLE_OBJC_ARC = YES;
				CLANG_ENABLE_OBJC_WEAK = YES;
				CLANG_WARN_BLOCK_CAPTURE_AUTORELEASING = YES;
				CLANG_WARN_BOOL_CONVERSION = YES;
				CLANG_WARN_COMMA = YES;
				CLANG_WARN_CONSTANT_CONVERSION = YES;
				CLANG_WARN_DEPRECATED_OBJC_IMPLEMENTATIONS = YES;
				CLANG_WARN_DIRECT_OBJC_ISA_USAGE = YES_ERROR;
				CLANG_WARN_DOCUMENTATION_COMMENTS = YES;
				CLANG_WARN_EMPTY_BODY = YES;
				CLANG_WARN_ENUM_CONVERSION = YES;
				CLANG_WARN_INFINITE_RECURSION = YES;
				CLANG_WARN_INT_CONVERSION = YES;
				CLANG_WARN_NON_LITERAL_NULL_CONVERSION = YES;
				CLANG_WARN_OBJC_IMPLICIT_RETAIN_SELF = YES;
				CLANG_WARN_OBJC_LITERAL_CONVERSION = YES;
				CLANG_WARN_OBJC_ROOT_CLASS = YES_ERROR;
				CLANG_WARN_QUOTED_INCLUDE_IN_FRAMEWORK_HEADER = YES;
				CLANG_WARN_RANGE_LOOP_ANALYSIS = YES;
				CLANG_WARN_STRICT_PROTOTYPES = YES;
				CLANG_WARN_SUSPICIOUS_MOVE = YES;
				CLANG_WARN_UNGUARDED_AVAILABILITY = YES_AGGRESSIVE;
				CLANG_WARN_UNREACHABLE_CODE = YES;
				CLANG_WARN__DUPLICATE_METHOD_MATCH = YES;
				COPY_PHASE_STRIP = NO;
				DEBUG_INFORMATION_FORMAT = dwarf;
				ENABLE_STRICT_OBJC_MSGSEND = YES;
				ENABLE_TESTABILITY = YES;
				GCC_C_LANGUAGE_STANDARD = gnu11;
				GCC_DYNAMIC_NO_PIC = NO;
				GCC_NO_COMMON_BLOCKS = YES;
				GCC_OPTIMIZATION_LEVEL = 0;
				GCC_PREPROCESSOR_DEFINITIONS = (
					"DEBUG=1",
					"$(inherited)",
				);
				GCC_WARN_64_TO_32_BIT_CONVERSION = YES;
				GCC_WARN_ABOUT_RETURN_TYPE = YES_ERROR;
				GCC_WARN_UNDECLARED_SELECTOR = YES;
				GCC_WARN_UNINITIALIZED_AUTOS = YES_AGGRESSIVE;
				GCC_WARN_UNUSED_FUNCTION = YES;
				GCC_WARN_UNUSED_VARIABLE = YES;
				IPHONEOS_DEPLOYMENT_TARGET = 16.1;
				MTL_ENABLE_DEBUG_INFO = INCLUDE_SOURCE;
				MTL_FAST_MATH = YES;
				ONLY_ACTIVE_ARCH = YES;
				SDKROOT = iphoneos;
				SWIFT_ACTIVE_COMPILATION_CONDITIONS = DEBUG;
				SWIFT_OPTIMIZATION_LEVEL = "-Onone";
			};
			name = Debug;
		};
		07CA9FFE29A6C1350008D07C /* Release */ = {
			isa = XCBuildConfiguration;
			buildSettings = {
				ALWAYS_SEARCH_USER_PATHS = NO;
				CLANG_ANALYZER_NONNULL = YES;
				CLANG_ANALYZER_NUMBER_OBJECT_CONVERSION = YES_AGGRESSIVE;
				CLANG_CXX_LANGUAGE_STANDARD = "gnu++20";
				CLANG_ENABLE_MODULES = YES;
				CLANG_ENABLE_OBJC_ARC = YES;
				CLANG_ENABLE_OBJC_WEAK = YES;
				CLANG_WARN_BLOCK_CAPTURE_AUTORELEASING = YES;
				CLANG_WARN_BOOL_CONVERSION = YES;
				CLANG_WARN_COMMA = YES;
				CLANG_WARN_CONSTANT_CONVERSION = YES;
				CLANG_WARN_DEPRECATED_OBJC_IMPLEMENTATIONS = YES;
				CLANG_WARN_DIRECT_OBJC_ISA_USAGE = YES_ERROR;
				CLANG_WARN_DOCUMENTATION_COMMENTS = YES;
				CLANG_WARN_EMPTY_BODY = YES;
				CLANG_WARN_ENUM_CONVERSION = YES;
				CLANG_WARN_INFINITE_RECURSION = YES;
				CLANG_WARN_INT_CONVERSION = YES;
				CLANG_WARN_NON_LITERAL_NULL_CONVERSION = YES;
				CLANG_WARN_OBJC_IMPLICIT_RETAIN_SELF = YES;
				CLANG_WARN_OBJC_LITERAL_CONVERSION = YES;
				CLANG_WARN_OBJC_ROOT_CLASS = YES_ERROR;
				CLANG_WARN_QUOTED_INCLUDE_IN_FRAMEWORK_HEADER = YES;
				CLANG_WARN_RANGE_LOOP_ANALYSIS = YES;
				CLANG_WARN_STRICT_PROTOTYPES = YES;
				CLANG_WARN_SUSPICIOUS_MOVE = YES;
				CLANG_WARN_UNGUARDED_AVAILABILITY = YES_AGGRESSIVE;
				CLANG_WARN_UNREACHABLE_CODE = YES;
				CLANG_WARN__DUPLICATE_METHOD_MATCH = YES;
				COPY_PHASE_STRIP = NO;
				DEBUG_INFORMATION_FORMAT = "dwarf-with-dsym";
				ENABLE_NS_ASSERTIONS = NO;
				ENABLE_STRICT_OBJC_MSGSEND = YES;
				GCC_C_LANGUAGE_STANDARD = gnu11;
				GCC_NO_COMMON_BLOCKS = YES;
				GCC_WARN_64_TO_32_BIT_CONVERSION = YES;
				GCC_WARN_ABOUT_RETURN_TYPE = YES_ERROR;
				GCC_WARN_UNDECLARED_SELECTOR = YES;
				GCC_WARN_UNINITIALIZED_AUTOS = YES_AGGRESSIVE;
				GCC_WARN_UNUSED_FUNCTION = YES;
				GCC_WARN_UNUSED_VARIABLE = YES;
				IPHONEOS_DEPLOYMENT_TARGET = 16.1;
				MTL_ENABLE_DEBUG_INFO = NO;
				MTL_FAST_MATH = YES;
				SDKROOT = iphoneos;
				SWIFT_COMPILATION_MODE = wholemodule;
				SWIFT_OPTIMIZATION_LEVEL = "-O";
				VALIDATE_PRODUCT = YES;
			};
			name = Release;
		};
		07CAA00029A6C1350008D07C /* Debug */ = {
			isa = XCBuildConfiguration;
			buildSettings = {
				ASSETCATALOG_COMPILER_APPICON_NAME = AppIcon;
				ASSETCATALOG_COMPILER_GLOBAL_ACCENT_COLOR_NAME = AccentColor;
				CODE_SIGN_STYLE = Automatic;
				CURRENT_PROJECT_VERSION = 1;
				DEVELOPMENT_TEAM = 58G3FFSYS9;
				GENERATE_INFOPLIST_FILE = YES;
				INFOPLIST_FILE = Habitochi/Info.plist;
				INFOPLIST_KEY_UIApplicationSupportsIndirectInputEvents = YES;
				INFOPLIST_KEY_UILaunchStoryboardName = LaunchScreen;
				INFOPLIST_KEY_UIMainStoryboardFile = Main;
				INFOPLIST_KEY_UISupportedInterfaceOrientations_iPad = "UIInterfaceOrientationPortrait UIInterfaceOrientationPortraitUpsideDown UIInterfaceOrientationLandscapeLeft UIInterfaceOrientationLandscapeRight";
				INFOPLIST_KEY_UISupportedInterfaceOrientations_iPhone = "UIInterfaceOrientationPortrait UIInterfaceOrientationLandscapeLeft UIInterfaceOrientationLandscapeRight";
				LD_RUNPATH_SEARCH_PATHS = (
					"$(inherited)",
					"@executable_path/Frameworks",
				);
				MARKETING_VERSION = 1.0;
				PRODUCT_BUNDLE_IDENTIFIER = utcs.Habitochi;
				PRODUCT_NAME = "$(TARGET_NAME)";
				SWIFT_EMIT_LOC_STRINGS = YES;
				SWIFT_VERSION = 5.0;
				TARGETED_DEVICE_FAMILY = "1,2";
			};
			name = Debug;
		};
		07CAA00129A6C1350008D07C /* Release */ = {
			isa = XCBuildConfiguration;
			buildSettings = {
				ASSETCATALOG_COMPILER_APPICON_NAME = AppIcon;
				ASSETCATALOG_COMPILER_GLOBAL_ACCENT_COLOR_NAME = AccentColor;
				CODE_SIGN_STYLE = Automatic;
				CURRENT_PROJECT_VERSION = 1;
				DEVELOPMENT_TEAM = 58G3FFSYS9;
				GENERATE_INFOPLIST_FILE = YES;
				INFOPLIST_FILE = Habitochi/Info.plist;
				INFOPLIST_KEY_UIApplicationSupportsIndirectInputEvents = YES;
				INFOPLIST_KEY_UILaunchStoryboardName = LaunchScreen;
				INFOPLIST_KEY_UIMainStoryboardFile = Main;
				INFOPLIST_KEY_UISupportedInterfaceOrientations_iPad = "UIInterfaceOrientationPortrait UIInterfaceOrientationPortraitUpsideDown UIInterfaceOrientationLandscapeLeft UIInterfaceOrientationLandscapeRight";
				INFOPLIST_KEY_UISupportedInterfaceOrientations_iPhone = "UIInterfaceOrientationPortrait UIInterfaceOrientationLandscapeLeft UIInterfaceOrientationLandscapeRight";
				LD_RUNPATH_SEARCH_PATHS = (
					"$(inherited)",
					"@executable_path/Frameworks",
				);
				MARKETING_VERSION = 1.0;
				PRODUCT_BUNDLE_IDENTIFIER = utcs.Habitochi;
				PRODUCT_NAME = "$(TARGET_NAME)";
				SWIFT_EMIT_LOC_STRINGS = YES;
				SWIFT_VERSION = 5.0;
				TARGETED_DEVICE_FAMILY = "1,2";
			};
			name = Release;
		};
/* End XCBuildConfiguration section */

/* Begin XCConfigurationList section */
		07CA9FE629A6C1330008D07C /* Build configuration list for PBXProject "Habitochi" */ = {
			isa = XCConfigurationList;
			buildConfigurations = (
				07CA9FFD29A6C1350008D07C /* Debug */,
				07CA9FFE29A6C1350008D07C /* Release */,
			);
			defaultConfigurationIsVisible = 0;
			defaultConfigurationName = Release;
		};
		07CA9FFF29A6C1350008D07C /* Build configuration list for PBXNativeTarget "Habitochi" */ = {
			isa = XCConfigurationList;
			buildConfigurations = (
				07CAA00029A6C1350008D07C /* Debug */,
				07CAA00129A6C1350008D07C /* Release */,
			);
			defaultConfigurationIsVisible = 0;
			defaultConfigurationName = Release;
		};
/* End XCConfigurationList section */
	};
	rootObject = 07CA9FE329A6C1330008D07C /* Project object */;
}
